
Microsoft Visual Studio Solution File, Format Version 12.00
# Visual Studio Version 17
VisualStudioVersion = 17.0.32112.339
MinimumVisualStudioVersion = 10.0.40219.1
Project("{FAE04EC0-301F-11D3-BF4B-00C04F79EFBC}") = "NumericalMethodsLab2Part1", "NumericalMethodsLab2Part1\NumericalMethodsLab2Part1.csproj", "{049E7DDA-C634-4229-980A-3148CA949966}"
EndProject
Global
	GlobalSection(SolutionConfigurationPlatforms) = preSolution
		Debug|Any CPU = Debug|Any CPU
		Release|Any CPU = Release|Any CPU
	EndGlobalSection
	GlobalSection(ProjectConfigurationPlatforms) = postSolution
		{049E7DDA-C634-4229-980A-3148CA949966}.Debug|Any CPU.ActiveCfg = Debug|Any CPU
		{049E7DDA-C634-4229-980A-3148CA949966}.Debug|Any CPU.Build.0 = Debug|Any CPU
		{049E7DDA-C634-4229-980A-3148CA949966}.Release|Any CPU.ActiveCfg = Release|Any CPU
		{049E7DDA-C634-4229-980A-3148CA949966}.Release|Any CPU.Build.0 = Release|Any CPU
	EndGlobalSection
	GlobalSection(SolutionProperties) = preSolution
		HideSolutionNode = FALSE
	EndGlobalSection
	GlobalSection(ExtensibilityGlobals) = postSolution
		SolutionGuid = {98B1D772-95EE-4519-8712-84D9F6D4E063}
	EndGlobalSection
EndGlobal
